
Microsoft Visual Studio Solution File, Format Version 12.00
# Visual Studio 2013
VisualStudioVersion = 12.0.30110.0
MinimumVisualStudioVersion = 10.0.40219.1
Project("{FAE04EC0-301F-11D3-BF4B-00C04F79EFBC}") = "DebateSidebarWordAddIn", "DebateSidebarWordAddIn\DebateSidebarWordAddIn.csproj", "{0021A807-3CA1-4D8B-A753-0B740DB3E81B}"
EndProject
Project("{FAE04EC0-301F-11D3-BF4B-00C04F79EFBC}") = "DebateTimer", "DebateTimer\DebateTimer.csproj", "{0B54BB9C-8B83-4D1F-8E5C-323B04479A2E}"
EndProject
Project("{6141683F-8A12-4E36-9623-2EB02B2C2303}") = "Setup", "Setup\Setup.isproj", "{CA544B3E-AEB0-4707-B1FE-0861399809A4}"
	ProjectSection(ProjectDependencies) = postProject
		{0021A807-3CA1-4D8B-A753-0B740DB3E81B} = {0021A807-3CA1-4D8B-A753-0B740DB3E81B}
		{0B54BB9C-8B83-4D1F-8E5C-323B04479A2E} = {0B54BB9C-8B83-4D1F-8E5C-323B04479A2E}
	EndProjectSection
EndProject
Global
	GlobalSection(SolutionConfigurationPlatforms) = preSolution
		CD_ROM|Any CPU = CD_ROM|Any CPU
		CD_ROM|Mixed Platforms = CD_ROM|Mixed Platforms
		CD_ROM|x64 = CD_ROM|x64
		CD_ROM|x86 = CD_ROM|x86
		Debug|Any CPU = Debug|Any CPU
		Debug|Mixed Platforms = Debug|Mixed Platforms
		Debug|x64 = Debug|x64
		Debug|x86 = Debug|x86
		DVD-5|Any CPU = DVD-5|Any CPU
		DVD-5|Mixed Platforms = DVD-5|Mixed Platforms
		DVD-5|x64 = DVD-5|x64
		DVD-5|x86 = DVD-5|x86
		Release|Any CPU = Release|Any CPU
		Release|Mixed Platforms = Release|Mixed Platforms
		Release|x64 = Release|x64
		Release|x86 = Release|x86
		SingleImage|Any CPU = SingleImage|Any CPU
		SingleImage|Mixed Platforms = SingleImage|Mixed Platforms
		SingleImage|x64 = SingleImage|x64
		SingleImage|x86 = SingleImage|x86
	EndGlobalSection
	GlobalSection(ProjectConfigurationPlatforms) = postSolution
		{0021A807-3CA1-4D8B-A753-0B740DB3E81B}.CD_ROM|Any CPU.ActiveCfg = Release|Any CPU
		{0021A807-3CA1-4D8B-A753-0B740DB3E81B}.CD_ROM|Any CPU.Build.0 = Release|Any CPU
		{0021A807-3CA1-4D8B-A753-0B740DB3E81B}.CD_ROM|Mixed Platforms.ActiveCfg = Release|Any CPU
		{0021A807-3CA1-4D8B-A753-0B740DB3E81B}.CD_ROM|Mixed Platforms.Build.0 = Release|Any CPU
		{0021A807-3CA1-4D8B-A753-0B740DB3E81B}.CD_ROM|x64.ActiveCfg = Release|Any CPU
		{0021A807-3CA1-4D8B-A753-0B740DB3E81B}.CD_ROM|x86.ActiveCfg = Release|Any CPU
		{0021A807-3CA1-4D8B-A753-0B740DB3E81B}.Debug|Any CPU.ActiveCfg = Debug|Any CPU
		{0021A807-3CA1-4D8B-A753-0B740DB3E81B}.Debug|Any CPU.Build.0 = Debug|Any CPU
		{0021A807-3CA1-4D8B-A753-0B740DB3E81B}.Debug|Mixed Platforms.ActiveCfg = Debug|Any CPU
		{0021A807-3CA1-4D8B-A753-0B740DB3E81B}.Debug|Mixed Platforms.Build.0 = Debug|Any CPU
		{0021A807-3CA1-4D8B-A753-0B740DB3E81B}.Debug|x64.ActiveCfg = Debug|Any CPU
		{0021A807-3CA1-4D8B-A753-0B740DB3E81B}.Debug|x86.ActiveCfg = Debug|Any CPU
		{0021A807-3CA1-4D8B-A753-0B740DB3E81B}.DVD-5|Any CPU.ActiveCfg = Debug|Any CPU
		{0021A807-3CA1-4D8B-A753-0B740DB3E81B}.DVD-5|Any CPU.Build.0 = Debug|Any CPU
		{0021A807-3CA1-4D8B-A753-0B740DB3E81B}.DVD-5|Mixed Platforms.ActiveCfg = Debug|Any CPU
		{0021A807-3CA1-4D8B-A753-0B740DB3E81B}.DVD-5|Mixed Platforms.Build.0 = Debug|Any CPU
		{0021A807-3CA1-4D8B-A753-0B740DB3E81B}.DVD-5|x64.ActiveCfg = Debug|Any CPU
		{0021A807-3CA1-4D8B-A753-0B740DB3E81B}.DVD-5|x86.ActiveCfg = Debug|Any CPU
		{0021A807-3CA1-4D8B-A753-0B740DB3E81B}.Release|Any CPU.ActiveCfg = Release|Any CPU
		{0021A807-3CA1-4D8B-A753-0B740DB3E81B}.Release|Any CPU.Build.0 = Release|Any CPU
		{0021A807-3CA1-4D8B-A753-0B740DB3E81B}.Release|Mixed Platforms.ActiveCfg = Release|Any CPU
		{0021A807-3CA1-4D8B-A753-0B740DB3E81B}.Release|Mixed Platforms.Build.0 = Release|Any CPU
		{0021A807-3CA1-4D8B-A753-0B740DB3E81B}.Release|x64.ActiveCfg = Release|Any CPU
		{0021A807-3CA1-4D8B-A753-0B740DB3E81B}.Release|x86.ActiveCfg = Release|Any CPU
		{0021A807-3CA1-4D8B-A753-0B740DB3E81B}.SingleImage|Any CPU.ActiveCfg = Release|Any CPU
		{0021A807-3CA1-4D8B-A753-0B740DB3E81B}.SingleImage|Any CPU.Build.0 = Release|Any CPU
		{0021A807-3CA1-4D8B-A753-0B740DB3E81B}.SingleImage|Mixed Platforms.ActiveCfg = Release|Any CPU
		{0021A807-3CA1-4D8B-A753-0B740DB3E81B}.SingleImage|Mixed Platforms.Build.0 = Release|Any CPU
		{0021A807-3CA1-4D8B-A753-0B740DB3E81B}.SingleImage|x64.ActiveCfg = Release|Any CPU
		{0021A807-3CA1-4D8B-A753-0B740DB3E81B}.SingleImage|x86.ActiveCfg = Release|Any CPU
		{0B54BB9C-8B83-4D1F-8E5C-323B04479A2E}.CD_ROM|Any CPU.ActiveCfg = Release|x86
		{0B54BB9C-8B83-4D1F-8E5C-323B04479A2E}.CD_ROM|Mixed Platforms.ActiveCfg = Release|x86
		{0B54BB9C-8B83-4D1F-8E5C-323B04479A2E}.CD_ROM|Mixed Platforms.Build.0 = Release|x86
		{0B54BB9C-8B83-4D1F-8E5C-323B04479A2E}.CD_ROM|x64.ActiveCfg = Release|x64
		{0B54BB9C-8B83-4D1F-8E5C-323B04479A2E}.CD_ROM|x64.Build.0 = Release|x64
		{0B54BB9C-8B83-4D1F-8E5C-323B04479A2E}.CD_ROM|x86.ActiveCfg = Release|x86
		{0B54BB9C-8B83-4D1F-8E5C-323B04479A2E}.CD_ROM|x86.Build.0 = Release|x86
		{0B54BB9C-8B83-4D1F-8E5C-323B04479A2E}.Debug|Any CPU.ActiveCfg = Debug|x86
		{0B54BB9C-8B83-4D1F-8E5C-323B04479A2E}.Debug|Mixed Platforms.ActiveCfg = Debug|x86
		{0B54BB9C-8B83-4D1F-8E5C-323B04479A2E}.Debug|Mixed Platforms.Build.0 = Debug|x86
		{0B54BB9C-8B83-4D1F-8E5C-323B04479A2E}.Debug|x64.ActiveCfg = Debug|x64
		{0B54BB9C-8B83-4D1F-8E5C-323B04479A2E}.Debug|x64.Build.0 = Debug|x64
		{0B54BB9C-8B83-4D1F-8E5C-323B04479A2E}.Debug|x86.ActiveCfg = Debug|x86
		{0B54BB9C-8B83-4D1F-8E5C-323B04479A2E}.Debug|x86.Build.0 = Debug|x86
		{0B54BB9C-8B83-4D1F-8E5C-323B04479A2E}.DVD-5|Any CPU.ActiveCfg = Debug|x86
		{0B54BB9C-8B83-4D1F-8E5C-323B04479A2E}.DVD-5|Mixed Platforms.ActiveCfg = Debug|x86
		{0B54BB9C-8B83-4D1F-8E5C-323B04479A2E}.DVD-5|Mixed Platforms.Build.0 = Debug|x86
		{0B54BB9C-8B83-4D1F-8E5C-323B04479A2E}.DVD-5|x64.ActiveCfg = Debug|x64
		{0B54BB9C-8B83-4D1F-8E5C-323B04479A2E}.DVD-5|x64.Build.0 = Debug|x64
		{0B54BB9C-8B83-4D1F-8E5C-323B04479A2E}.DVD-5|x86.ActiveCfg = Debug|x86
		{0B54BB9C-8B83-4D1F-8E5C-323B04479A2E}.DVD-5|x86.Build.0 = Debug|x86
		{0B54BB9C-8B83-4D1F-8E5C-323B04479A2E}.Release|Any CPU.ActiveCfg = Release|x86
		{0B54BB9C-8B83-4D1F-8E5C-323B04479A2E}.Release|Mixed Platforms.ActiveCfg = Release|x86
		{0B54BB9C-8B83-4D1F-8E5C-323B04479A2E}.Release|Mixed Platforms.Build.0 = Release|x86
		{0B54BB9C-8B83-4D1F-8E5C-323B04479A2E}.Release|x64.ActiveCfg = Release|x64
		{0B54BB9C-8B83-4D1F-8E5C-323B04479A2E}.Release|x64.Build.0 = Release|x64
		{0B54BB9C-8B83-4D1F-8E5C-323B04479A2E}.Release|x86.ActiveCfg = Release|x86
		{0B54BB9C-8B83-4D1F-8E5C-323B04479A2E}.Release|x86.Build.0 = Release|x86
		{0B54BB9C-8B83-4D1F-8E5C-323B04479A2E}.SingleImage|Any CPU.ActiveCfg = Release|x86
		{0B54BB9C-8B83-4D1F-8E5C-323B04479A2E}.SingleImage|Mixed Platforms.ActiveCfg = Release|x86
		{0B54BB9C-8B83-4D1F-8E5C-323B04479A2E}.SingleImage|Mixed Platforms.Build.0 = Release|x86
		{0B54BB9C-8B83-4D1F-8E5C-323B04479A2E}.SingleImage|x64.ActiveCfg = Release|x64
		{0B54BB9C-8B83-4D1F-8E5C-323B04479A2E}.SingleImage|x64.Build.0 = Release|x64
		{0B54BB9C-8B83-4D1F-8E5C-323B04479A2E}.SingleImage|x86.ActiveCfg = Release|x86
		{0B54BB9C-8B83-4D1F-8E5C-323B04479A2E}.SingleImage|x86.Build.0 = Release|x86
		{CA544B3E-AEB0-4707-B1FE-0861399809A4}.CD_ROM|Any CPU.ActiveCfg = CD_ROM
		{CA544B3E-AEB0-4707-B1FE-0861399809A4}.CD_ROM|Any CPU.Build.0 = CD_ROM
		{CA544B3E-AEB0-4707-B1FE-0861399809A4}.CD_ROM|Mixed Platforms.ActiveCfg = CD_ROM
		{CA544B3E-AEB0-4707-B1FE-0861399809A4}.CD_ROM|Mixed Platforms.Build.0 = CD_ROM
		{CA544B3E-AEB0-4707-B1FE-0861399809A4}.CD_ROM|x64.ActiveCfg = CD_ROM
		{CA544B3E-AEB0-4707-B1FE-0861399809A4}.CD_ROM|x64.Build.0 = CD_ROM
		{CA544B3E-AEB0-4707-B1FE-0861399809A4}.CD_ROM|x86.ActiveCfg = CD_ROM
		{CA544B3E-AEB0-4707-B1FE-0861399809A4}.CD_ROM|x86.Build.0 = CD_ROM
		{CA544B3E-AEB0-4707-B1FE-0861399809A4}.Debug|Any CPU.ActiveCfg = DVD-5
		{CA544B3E-AEB0-4707-B1FE-0861399809A4}.Debug|Any CPU.Build.0 = DVD-5
		{CA544B3E-AEB0-4707-B1FE-0861399809A4}.Debug|Mixed Platforms.ActiveCfg = DVD-5
		{CA544B3E-AEB0-4707-B1FE-0861399809A4}.Debug|Mixed Platforms.Build.0 = DVD-5
		{CA544B3E-AEB0-4707-B1FE-0861399809A4}.Debug|x64.ActiveCfg = DVD-5
		{CA544B3E-AEB0-4707-B1FE-0861399809A4}.Debug|x64.Build.0 = DVD-5
		{CA544B3E-AEB0-4707-B1FE-0861399809A4}.Debug|x86.ActiveCfg = DVD-5
		{CA544B3E-AEB0-4707-B1FE-0861399809A4}.Debug|x86.Build.0 = DVD-5
		{CA544B3E-AEB0-4707-B1FE-0861399809A4}.DVD-5|Any CPU.ActiveCfg = DVD-5
		{CA544B3E-AEB0-4707-B1FE-0861399809A4}.DVD-5|Any CPU.Build.0 = DVD-5
		{CA544B3E-AEB0-4707-B1FE-0861399809A4}.DVD-5|Mixed Platforms.ActiveCfg = DVD-5
		{CA544B3E-AEB0-4707-B1FE-0861399809A4}.DVD-5|Mixed Platforms.Build.0 = DVD-5
		{CA544B3E-AEB0-4707-B1FE-0861399809A4}.DVD-5|x64.ActiveCfg = DVD-5
		{CA544B3E-AEB0-4707-B1FE-0861399809A4}.DVD-5|x64.Build.0 = DVD-5
		{CA544B3E-AEB0-4707-B1FE-0861399809A4}.DVD-5|x86.ActiveCfg = DVD-5
		{CA544B3E-AEB0-4707-B1FE-0861399809A4}.DVD-5|x86.Build.0 = DVD-5
		{CA544B3E-AEB0-4707-B1FE-0861399809A4}.Release|Any CPU.ActiveCfg = SingleImage
		{CA544B3E-AEB0-4707-B1FE-0861399809A4}.Release|Any CPU.Build.0 = SingleImage
		{CA544B3E-AEB0-4707-B1FE-0861399809A4}.Release|Mixed Platforms.ActiveCfg = SingleImage
		{CA544B3E-AEB0-4707-B1FE-0861399809A4}.Release|Mixed Platforms.Build.0 = SingleImage
		{CA544B3E-AEB0-4707-B1FE-0861399809A4}.Release|x64.ActiveCfg = SingleImage
		{CA544B3E-AEB0-4707-B1FE-0861399809A4}.Release|x64.Build.0 = SingleImage
		{CA544B3E-AEB0-4707-B1FE-0861399809A4}.Release|x86.ActiveCfg = SingleImage
		{CA544B3E-AEB0-4707-B1FE-0861399809A4}.Release|x86.Build.0 = SingleImage
		{CA544B3E-AEB0-4707-B1FE-0861399809A4}.SingleImage|Any CPU.ActiveCfg = SingleImage
		{CA544B3E-AEB0-4707-B1FE-0861399809A4}.SingleImage|Any CPU.Build.0 = SingleImage
		{CA544B3E-AEB0-4707-B1FE-0861399809A4}.SingleImage|Mixed Platforms.ActiveCfg = SingleImage
		{CA544B3E-AEB0-4707-B1FE-0861399809A4}.SingleImage|Mixed Platforms.Build.0 = SingleImage
		{CA544B3E-AEB0-4707-B1FE-0861399809A4}.SingleImage|x64.ActiveCfg = SingleImage
		{CA544B3E-AEB0-4707-B1FE-0861399809A4}.SingleImage|x64.Build.0 = SingleImage
		{CA544B3E-AEB0-4707-B1FE-0861399809A4}.SingleImage|x86.ActiveCfg = SingleImage
		{CA544B3E-AEB0-4707-B1FE-0861399809A4}.SingleImage|x86.Build.0 = SingleImage
	EndGlobalSection
	GlobalSection(SolutionProperties) = preSolution
		HideSolutionNode = FALSE
	EndGlobalSection
EndGlobal
